// !$*UTF8*$!
{
	archiveVersion = 1;
	classes = {
	};
	objectVersion = 48;
	objects = {

/* Begin PBXBuildFile section */
		D60827B51F9B8E930093FA7A /* GCDBlackBox.swift in Sources */ = {isa = PBXBuildFile; fileRef = D60827B41F9B8E930093FA7A /* GCDBlackBox.swift */; };
		D60827B71F9B8F8A0093FA7A /* UdacityConstants.swift in Sources */ = {isa = PBXBuildFile; fileRef = D60827B61F9B8F8A0093FA7A /* UdacityConstants.swift */; };
		D60827BB1FA326EF0093FA7A /* UdacityClient.swift in Sources */ = {isa = PBXBuildFile; fileRef = D60827BA1FA326EF0093FA7A /* UdacityClient.swift */; };
		D60827BF1FA3417F0093FA7A /* UdacityAuthFlow.swift in Sources */ = {isa = PBXBuildFile; fileRef = D60827BE1FA3417F0093FA7A /* UdacityAuthFlow.swift */; };
		D6092AB81F9B63B500910335 /* AppDelegate.swift in Sources */ = {isa = PBXBuildFile; fileRef = D6092AB71F9B63B500910335 /* AppDelegate.swift */; };
		D6092ABA1F9B63B500910335 /* LoginViewController.swift in Sources */ = {isa = PBXBuildFile; fileRef = D6092AB91F9B63B500910335 /* LoginViewController.swift */; };
		D6092ABD1F9B63B500910335 /* Main.storyboard in Resources */ = {isa = PBXBuildFile; fileRef = D6092ABB1F9B63B500910335 /* Main.storyboard */; };
		D6092ABF1F9B63B500910335 /* Assets.xcassets in Resources */ = {isa = PBXBuildFile; fileRef = D6092ABE1F9B63B500910335 /* Assets.xcassets */; };
		D6092AC21F9B63B500910335 /* LaunchScreen.storyboard in Resources */ = {isa = PBXBuildFile; fileRef = D6092AC01F9B63B500910335 /* LaunchScreen.storyboard */; };
		D639F4191FBAE622005686EF /* StringFormat.swift in Sources */ = {isa = PBXBuildFile; fileRef = D639F4181FBAE622005686EF /* StringFormat.swift */; };
		D639F41C1FBD80D3005686EF /* LoadingStudentsViewController.swift in Sources */ = {isa = PBXBuildFile; fileRef = D639F41B1FBD80D3005686EF /* LoadingStudentsViewController.swift */; };
		D67F6FB01FB5C289000EEC49 /* SetLocationViewController.swift in Sources */ = {isa = PBXBuildFile; fileRef = D67F6FAF1FB5C289000EEC49 /* SetLocationViewController.swift */; };
		D67F6FB21FB5D539000EEC49 /* ShareLocationViewController.swift in Sources */ = {isa = PBXBuildFile; fileRef = D67F6FB11FB5D539000EEC49 /* ShareLocationViewController.swift */; };
		D67F6FB61FB99699000EEC49 /* MainViewController.swift in Sources */ = {isa = PBXBuildFile; fileRef = D67F6FB51FB99699000EEC49 /* MainViewController.swift */; };
		D6EE0D0D1FADFD490005AF3F /* StudentsTableViewController.swift in Sources */ = {isa = PBXBuildFile; fileRef = D6EE0D0C1FADFD490005AF3F /* StudentsTableViewController.swift */; };
		D6EE0D141FB07E070005AF3F /* ParseConstants.swift in Sources */ = {isa = PBXBuildFile; fileRef = D6EE0D131FB07E070005AF3F /* ParseConstants.swift */; };
		D6EE0D161FB07E140005AF3F /* ParseClient.swift in Sources */ = {isa = PBXBuildFile; fileRef = D6EE0D151FB07E140005AF3F /* ParseClient.swift */; };
		D6EE0D181FB07E320005AF3F /* ParseStudentLocation.swift in Sources */ = {isa = PBXBuildFile; fileRef = D6EE0D171FB07E320005AF3F /* ParseStudentLocation.swift */; };
		D6EE0D1A1FB07E490005AF3F /* ParseStudentCalls.swift in Sources */ = {isa = PBXBuildFile; fileRef = D6EE0D191FB07E490005AF3F /* ParseStudentCalls.swift */; };
		D6EE0D1C1FB307490005AF3F /* StudentMapViewController.swift in Sources */ = {isa = PBXBuildFile; fileRef = D6EE0D1B1FB307490005AF3F /* StudentMapViewController.swift */; };
/* End PBXBuildFile section */

/* Begin PBXFileReference section */
		D60827B41F9B8E930093FA7A /* GCDBlackBox.swift */ = {isa = PBXFileReference; fileEncoding = 4; lastKnownFileType = sourcecode.swift; path = GCDBlackBox.swift; sourceTree = "<group>"; };
		D60827B61F9B8F8A0093FA7A /* UdacityConstants.swift */ = {isa = PBXFileReference; fileEncoding = 4; lastKnownFileType = sourcecode.swift; path = UdacityConstants.swift; sourceTree = "<group>"; };
		D60827BA1FA326EF0093FA7A /* UdacityClient.swift */ = {isa = PBXFileReference; lastKnownFileType = sourcecode.swift; path = UdacityClient.swift; sourceTree = "<group>"; };
		D60827BE1FA3417F0093FA7A /* UdacityAuthFlow.swift */ = {isa = PBXFileReference; lastKnownFileType = sourcecode.swift; path = UdacityAuthFlow.swift; sourceTree = "<group>"; };
		D6092AB41F9B63B500910335 /* On The Map.app */ = {isa = PBXFileReference; explicitFileType = wrapper.application; includeInIndex = 0; path = "On The Map.app"; sourceTree = BUILT_PRODUCTS_DIR; };
		D6092AB71F9B63B500910335 /* AppDelegate.swift */ = {isa = PBXFileReference; lastKnownFileType = sourcecode.swift; path = AppDelegate.swift; sourceTree = "<group>"; };
		D6092AB91F9B63B500910335 /* LoginViewController.swift */ = {isa = PBXFileReference; lastKnownFileType = sourcecode.swift; path = LoginViewController.swift; sourceTree = "<group>"; };
		D6092ABC1F9B63B500910335 /* Base */ = {isa = PBXFileReference; lastKnownFileType = file.storyboard; name = Base; path = Base.lproj/Main.storyboard; sourceTree = "<group>"; };
		D6092ABE1F9B63B500910335 /* Assets.xcassets */ = {isa = PBXFileReference; lastKnownFileType = folder.assetcatalog; path = Assets.xcassets; sourceTree = "<group>"; };
		D6092AC11F9B63B500910335 /* Base */ = {isa = PBXFileReference; lastKnownFileType = file.storyboard; name = Base; path = Base.lproj/LaunchScreen.storyboard; sourceTree = "<group>"; };
		D6092AC31F9B63B500910335 /* Info.plist */ = {isa = PBXFileReference; lastKnownFileType = text.plist.xml; path = Info.plist; sourceTree = "<group>"; };
		D639F4181FBAE622005686EF /* StringFormat.swift */ = {isa = PBXFileReference; lastKnownFileType = sourcecode.swift; path = StringFormat.swift; sourceTree = "<group>"; };
		D639F41B1FBD80D3005686EF /* LoadingStudentsViewController.swift */ = {isa = PBXFileReference; lastKnownFileType = sourcecode.swift; path = LoadingStudentsViewController.swift; sourceTree = "<group>"; };
		D67F6FAF1FB5C289000EEC49 /* SetLocationViewController.swift */ = {isa = PBXFileReference; lastKnownFileType = sourcecode.swift; path = SetLocationViewController.swift; sourceTree = "<group>"; };
		D67F6FB11FB5D539000EEC49 /* ShareLocationViewController.swift */ = {isa = PBXFileReference; lastKnownFileType = sourcecode.swift; path = ShareLocationViewController.swift; sourceTree = "<group>"; };
		D67F6FB51FB99699000EEC49 /* MainViewController.swift */ = {isa = PBXFileReference; lastKnownFileType = sourcecode.swift; path = MainViewController.swift; sourceTree = "<group>"; };
		D6EE0D0C1FADFD490005AF3F /* StudentsTableViewController.swift */ = {isa = PBXFileReference; lastKnownFileType = sourcecode.swift; path = StudentsTableViewController.swift; sourceTree = "<group>"; };
		D6EE0D131FB07E070005AF3F /* ParseConstants.swift */ = {isa = PBXFileReference; lastKnownFileType = sourcecode.swift; path = ParseConstants.swift; sourceTree = "<group>"; };
		D6EE0D151FB07E140005AF3F /* ParseClient.swift */ = {isa = PBXFileReference; lastKnownFileType = sourcecode.swift; path = ParseClient.swift; sourceTree = "<group>"; };
		D6EE0D171FB07E320005AF3F /* ParseStudentLocation.swift */ = {isa = PBXFileReference; lastKnownFileType = sourcecode.swift; path = ParseStudentLocation.swift; sourceTree = "<group>"; };
		D6EE0D191FB07E490005AF3F /* ParseStudentCalls.swift */ = {isa = PBXFileReference; lastKnownFileType = sourcecode.swift; path = ParseStudentCalls.swift; sourceTree = "<group>"; };
		D6EE0D1B1FB307490005AF3F /* StudentMapViewController.swift */ = {isa = PBXFileReference; lastKnownFileType = sourcecode.swift; path = StudentMapViewController.swift; sourceTree = "<group>"; };
/* End PBXFileReference section */

/* Begin PBXFrameworksBuildPhase section */
		D6092AB11F9B63B500910335 /* Frameworks */ = {
			isa = PBXFrameworksBuildPhase;
			buildActionMask = 2147483647;
			files = (
			);
			runOnlyForDeploymentPostprocessing = 0;
		};
/* End PBXFrameworksBuildPhase section */

/* Begin PBXGroup section */
		D60827B81FA326BE0093FA7A /* Clients */ = {
			isa = PBXGroup;
			children = (
				D6EE0D121FB07DBA0005AF3F /* UdacityParse */,
				D60827B91FA326C90093FA7A /* Udacity */,
			);
			path = Clients;
			sourceTree = "<group>";
		};
		D60827B91FA326C90093FA7A /* Udacity */ = {
			isa = PBXGroup;
			children = (
				D60827BA1FA326EF0093FA7A /* UdacityClient.swift */,
				D60827B61F9B8F8A0093FA7A /* UdacityConstants.swift */,
				D60827BE1FA3417F0093FA7A /* UdacityAuthFlow.swift */,
			);
			path = Udacity;
			sourceTree = "<group>";
		};
		D60827BC1FA327F70093FA7A /* Controllers */ = {
			isa = PBXGroup;
			children = (
				D6092AB91F9B63B500910335 /* LoginViewController.swift */,
				D6EE0D0C1FADFD490005AF3F /* StudentsTableViewController.swift */,
				D6EE0D1B1FB307490005AF3F /* StudentMapViewController.swift */,
				D67F6FAF1FB5C289000EEC49 /* SetLocationViewController.swift */,
				D67F6FB11FB5D539000EEC49 /* ShareLocationViewController.swift */,
				D67F6FB51FB99699000EEC49 /* MainViewController.swift */,
				D639F41B1FBD80D3005686EF /* LoadingStudentsViewController.swift */,
			);
			path = Controllers;
			sourceTree = "<group>";
		};
		D60827BD1FA329630093FA7A /* Model */ = {
			isa = PBXGroup;
			children = (
				D639F41A1FBAE632005686EF /* HelperClasses */,
				D60827B81FA326BE0093FA7A /* Clients */,
			);
			path = Model;
			sourceTree = "<group>";
		};
		D6092AAB1F9B63B500910335 = {
			isa = PBXGroup;
			children = (
				D6092AB61F9B63B500910335 /* On The Map */,
				D6092AB51F9B63B500910335 /* Products */,
			);
			sourceTree = "<group>";
		};
		D6092AB51F9B63B500910335 /* Products */ = {
			isa = PBXGroup;
			children = (
				D6092AB41F9B63B500910335 /* On The Map.app */,
			);
			name = Products;
			sourceTree = "<group>";
		};
		D6092AB61F9B63B500910335 /* On The Map */ = {
			isa = PBXGroup;
			children = (
				D6092AB71F9B63B500910335 /* AppDelegate.swift */,
				D60827B41F9B8E930093FA7A /* GCDBlackBox.swift */,
				D6092ABB1F9B63B500910335 /* Main.storyboard */,
				D6092ABE1F9B63B500910335 /* Assets.xcassets */,
				D6092AC01F9B63B500910335 /* LaunchScreen.storyboard */,
				D6092AC31F9B63B500910335 /* Info.plist */,
				D60827BD1FA329630093FA7A /* Model */,
				D60827BC1FA327F70093FA7A /* Controllers */,
			);
			path = "On The Map";
			sourceTree = "<group>";
		};
		D639F41A1FBAE632005686EF /* HelperClasses */ = {
			isa = PBXGroup;
			children = (
				D639F4181FBAE622005686EF /* StringFormat.swift */,
			);
			path = HelperClasses;
			sourceTree = "<group>";
		};
		D6EE0D121FB07DBA0005AF3F /* UdacityParse */ = {
			isa = PBXGroup;
			children = (
				D6EE0D151FB07E140005AF3F /* ParseClient.swift */,
				D6EE0D131FB07E070005AF3F /* ParseConstants.swift */,
				D6EE0D171FB07E320005AF3F /* ParseStudentLocation.swift */,
				D6EE0D191FB07E490005AF3F /* ParseStudentCalls.swift */,
			);
			path = UdacityParse;
			sourceTree = "<group>";
		};
/* End PBXGroup section */

/* Begin PBXNativeTarget section */
		D6092AB31F9B63B500910335 /* On The Map */ = {
			isa = PBXNativeTarget;
			buildConfigurationList = D6092AC61F9B63B500910335 /* Build configuration list for PBXNativeTarget "On The Map" */;
			buildPhases = (
				D6092AB01F9B63B500910335 /* Sources */,
				D6092AB11F9B63B500910335 /* Frameworks */,
				D6092AB21F9B63B500910335 /* Resources */,
			);
			buildRules = (
			);
			dependencies = (
			);
			name = "On The Map";
			productName = "On The Map";
			productReference = D6092AB41F9B63B500910335 /* On The Map.app */;
			productType = "com.apple.product-type.application";
		};
/* End PBXNativeTarget section */

/* Begin PBXProject section */
		D6092AAC1F9B63B500910335 /* Project object */ = {
			isa = PBXProject;
			attributes = {
				LastSwiftUpdateCheck = 0900;
				LastUpgradeCheck = 0900;
				ORGANIZATIONNAME = "Delfyette Designs";
				TargetAttributes = {
					D6092AB31F9B63B500910335 = {
						CreatedOnToolsVersion = 9.0.1;
						ProvisioningStyle = Automatic;
					};
				};
			};
			buildConfigurationList = D6092AAF1F9B63B500910335 /* Build configuration list for PBXProject "On The Map" */;
			compatibilityVersion = "Xcode 8.0";
			developmentRegion = en;
			hasScannedForEncodings = 0;
			knownRegions = (
				en,
				Base,
			);
			mainGroup = D6092AAB1F9B63B500910335;
			productRefGroup = D6092AB51F9B63B500910335 /* Products */;
			projectDirPath = "";
			projectRoot = "";
			targets = (
				D6092AB31F9B63B500910335 /* On The Map */,
			);
		};
/* End PBXProject section */

/* Begin PBXResourcesBuildPhase section */
		D6092AB21F9B63B500910335 /* Resources */ = {
			isa = PBXResourcesBuildPhase;
			buildActionMask = 2147483647;
			files = (
				D6092AC21F9B63B500910335 /* LaunchScreen.storyboard in Resources */,
				D6092ABF1F9B63B500910335 /* Assets.xcassets in Resources */,
				D6092ABD1F9B63B500910335 /* Main.storyboard in Resources */,
			);
			runOnlyForDeploymentPostprocessing = 0;
		};
/* End PBXResourcesBuildPhase section */

/* Begin PBXSourcesBuildPhase section */
		D6092AB01F9B63B500910335 /* Sources */ = {
			isa = PBXSourcesBuildPhase;
			buildActionMask = 2147483647;
			files = (
				D6EE0D181FB07E320005AF3F /* ParseStudentLocation.swift in Sources */,
				D6EE0D1C1FB307490005AF3F /* StudentMapViewController.swift in Sources */,
				D6092ABA1F9B63B500910335 /* LoginViewController.swift in Sources */,
				D67F6FB21FB5D539000EEC49 /* ShareLocationViewController.swift in Sources */,
				D67F6FB01FB5C289000EEC49 /* SetLocationViewController.swift in Sources */,
				D6EE0D1A1FB07E490005AF3F /* ParseStudentCalls.swift in Sources */,
				D67F6FB61FB99699000EEC49 /* MainViewController.swift in Sources */,
				D639F4191FBAE622005686EF /* StringFormat.swift in Sources */,
				D639F41C1FBD80D3005686EF /* LoadingStudentsViewController.swift in Sources */,
				D60827B51F9B8E930093FA7A /* GCDBlackBox.swift in Sources */,
				D6EE0D141FB07E070005AF3F /* ParseConstants.swift in Sources */,
				D60827BB1FA326EF0093FA7A /* UdacityClient.swift in Sources */,
				D60827BF1FA3417F0093FA7A /* UdacityAuthFlow.swift in Sources */,
				D6092AB81F9B63B500910335 /* AppDelegate.swift in Sources */,
				D6EE0D0D1FADFD490005AF3F /* StudentsTableViewController.swift in Sources */,
				D60827B71F9B8F8A0093FA7A /* UdacityConstants.swift in Sources */,
				D6EE0D161FB07E140005AF3F /* ParseClient.swift in Sources */,
			);
			runOnlyForDeploymentPostprocessing = 0;
		};
/* End PBXSourcesBuildPhase section */

/* Begin PBXVariantGroup section */
		D6092ABB1F9B63B500910335 /* Main.storyboard */ = {
			isa = PBXVariantGroup;
			children = (
				D6092ABC1F9B63B500910335 /* Base */,
			);
			name = Main.storyboard;
			sourceTree = "<group>";
		};
		D6092AC01F9B63B500910335 /* LaunchScreen.storyboard */ = {
			isa = PBXVariantGroup;
			children = (
				D6092AC11F9B63B500910335 /* Base */,
			);
			name = LaunchScreen.storyboard;
			sourceTree = "<group>";
		};
/* End PBXVariantGroup section */

/* Begin XCBuildConfiguration section */
		D6092AC41F9B63B500910335 /* Debug */ = {
			isa = XCBuildConfiguration;
			buildSettings = {
				ALWAYS_SEARCH_USER_PATHS = NO;
				CLANG_ANALYZER_NONNULL = YES;
				CLANG_ANALYZER_NUMBER_OBJECT_CONVERSION = YES_AGGRESSIVE;
				CLANG_CXX_LANGUAGE_STANDARD = "gnu++14";
				CLANG_CXX_LIBRARY = "libc++";
				CLANG_ENABLE_MODULES = YES;
				CLANG_ENABLE_OBJC_ARC = YES;
				CLANG_WARN_BLOCK_CAPTURE_AUTORELEASING = YES;
				CLANG_WARN_BOOL_CONVERSION = YES;
				CLANG_WARN_COMMA = YES;
				CLANG_WARN_CONSTANT_CONVERSION = YES;
				CLANG_WARN_DIRECT_OBJC_ISA_USAGE = YES_ERROR;
				CLANG_WARN_DOCUMENTATION_COMMENTS = YES;
				CLANG_WARN_EMPTY_BODY = YES;
				CLANG_WARN_ENUM_CONVERSION = YES;
				CLANG_WARN_INFINITE_RECURSION = YES;
				CLANG_WARN_INT_CONVERSION = YES;
				CLANG_WARN_NON_LITERAL_NULL_CONVERSION = YES;
				CLANG_WARN_OBJC_LITERAL_CONVERSION = YES;
				CLANG_WARN_OBJC_ROOT_CLASS = YES_ERROR;
				CLANG_WARN_RANGE_LOOP_ANALYSIS = YES;
				CLANG_WARN_STRICT_PROTOTYPES = YES;
				CLANG_WARN_SUSPICIOUS_MOVE = YES;
				CLANG_WARN_UNGUARDED_AVAILABILITY = YES_AGGRESSIVE;
				CLANG_WARN_UNREACHABLE_CODE = YES;
				CLANG_WARN__DUPLICATE_METHOD_MATCH = YES;
				CODE_SIGN_IDENTITY = "iPhone Developer";
				COPY_PHASE_STRIP = NO;
				DEBUG_INFORMATION_FORMAT = dwarf;
				ENABLE_STRICT_OBJC_MSGSEND = YES;
				ENABLE_TESTABILITY = YES;
				GCC_C_LANGUAGE_STANDARD = gnu11;
				GCC_DYNAMIC_NO_PIC = NO;
				GCC_NO_COMMON_BLOCKS = YES;
				GCC_OPTIMIZATION_LEVEL = 0;
				GCC_PREPROCESSOR_DEFINITIONS = (
					"DEBUG=1",
					"$(inherited)",
				);
				GCC_WARN_64_TO_32_BIT_CONVERSION = YES;
				GCC_WARN_ABOUT_RETURN_TYPE = YES_ERROR;
				GCC_WARN_UNDECLARED_SELECTOR = YES;
				GCC_WARN_UNINITIALIZED_AUTOS = YES_AGGRESSIVE;
				GCC_WARN_UNUSED_FUNCTION = YES;
				GCC_WARN_UNUSED_VARIABLE = YES;
				IPHONEOS_DEPLOYMENT_TARGET = 11.0;
				MTL_ENABLE_DEBUG_INFO = YES;
				ONLY_ACTIVE_ARCH = YES;
				SDKROOT = iphoneos;
				SWIFT_ACTIVE_COMPILATION_CONDITIONS = DEBUG;
				SWIFT_OPTIMIZATION_LEVEL = "-Onone";
			};
			name = Debug;
		};
		D6092AC51F9B63B500910335 /* Release */ = {
			isa = XCBuildConfiguration;
			buildSettings = {
				ALWAYS_SEARCH_USER_PATHS = NO;
				CLANG_ANALYZER_NONNULL = YES;
				CLANG_ANALYZER_NUMBER_OBJECT_CONVERSION = YES_AGGRESSIVE;
				CLANG_CXX_LANGUAGE_STANDARD = "gnu++14";
				CLANG_CXX_LIBRARY = "libc++";
				CLANG_ENABLE_MODULES = YES;
				CLANG_ENABLE_OBJC_ARC = YES;
				CLANG_WARN_BLOCK_CAPTURE_AUTORELEASING = YES;
				CLANG_WARN_BOOL_CONVERSION = YES;
				CLANG_WARN_COMMA = YES;
				CLANG_WARN_CONSTANT_CONVERSION = YES;
				CLANG_WARN_DIRECT_OBJC_ISA_USAGE = YES_ERROR;
				CLANG_WARN_DOCUMENTATION_COMMENTS = YES;
				CLANG_WARN_EMPTY_BODY = YES;
				CLANG_WARN_ENUM_CONVERSION = YES;
				CLANG_WARN_INFINITE_RECURSION = YES;
				CLANG_WARN_INT_CONVERSION = YES;
				CLANG_WARN_NON_LITERAL_NULL_CONVERSION = YES;
				CLANG_WARN_OBJC_LITERAL_CONVERSION = YES;
				CLANG_WARN_OBJC_ROOT_CLASS = YES_ERROR;
				CLANG_WARN_RANGE_LOOP_ANALYSIS = YES;
				CLANG_WARN_STRICT_PROTOTYPES = YES;
				CLANG_WARN_SUSPICIOUS_MOVE = YES;
				CLANG_WARN_UNGUARDED_AVAILABILITY = YES_AGGRESSIVE;
				CLANG_WARN_UNREACHABLE_CODE = YES;
				CLANG_WARN__DUPLICATE_METHOD_MATCH = YES;
				CODE_SIGN_IDENTITY = "iPhone Developer";
				COPY_PHASE_STRIP = NO;
				DEBUG_INFORMATION_FORMAT = "dwarf-with-dsym";
				ENABLE_NS_ASSERTIONS = NO;
				ENABLE_STRICT_OBJC_MSGSEND = YES;
				GCC_C_LANGUAGE_STANDARD = gnu11;
				GCC_NO_COMMON_BLOCKS = YES;
				GCC_WARN_64_TO_32_BIT_CONVERSION = YES;
				GCC_WARN_ABOUT_RETURN_TYPE = YES_ERROR;
				GCC_WARN_UNDECLARED_SELECTOR = YES;
				GCC_WARN_UNINITIALIZED_AUTOS = YES_AGGRESSIVE;
				GCC_WARN_UNUSED_FUNCTION = YES;
				GCC_WARN_UNUSED_VARIABLE = YES;
				IPHONEOS_DEPLOYMENT_TARGET = 11.0;
				MTL_ENABLE_DEBUG_INFO = NO;
				SDKROOT = iphoneos;
				SWIFT_OPTIMIZATION_LEVEL = "-Owholemodule";
				VALIDATE_PRODUCT = YES;
			};
			name = Release;
		};
		D6092AC71F9B63B500910335 /* Debug */ = {
			isa = XCBuildConfiguration;
			buildSettings = {
				ASSETCATALOG_COMPILER_APPICON_NAME = AppIcon;
				CODE_SIGN_STYLE = Automatic;
				DEVELOPMENT_TEAM = AB3DGFVC8Y;
				INFOPLIST_FILE = "On The Map/Info.plist";
				LD_RUNPATH_SEARCH_PATHS = "$(inherited) @executable_path/Frameworks";
				PRODUCT_BUNDLE_IDENTIFIER = "com.delfyettedesigns.On-The-Map";
				PRODUCT_NAME = "$(TARGET_NAME)";
				SWIFT_VERSION = 4.0;
				TARGETED_DEVICE_FAMILY = "1,2";
			};
			name = Debug;
		};
		D6092AC81F9B63B500910335 /* Release */ = {
			isa = XCBuildConfiguration;
			buildSettings = {
				ASSETCATALOG_COMPILER_APPICON_NAME = AppIcon;
				CODE_SIGN_STYLE = Automatic;
				DEVELOPMENT_TEAM = AB3DGFVC8Y;
				INFOPLIST_FILE = "On The Map/Info.plist";
				LD_RUNPATH_SEARCH_PATHS = "$(inherited) @executable_path/Frameworks";
				PRODUCT_BUNDLE_IDENTIFIER = "com.delfyettedesigns.On-The-Map";
				PRODUCT_NAME = "$(TARGET_NAME)";
				SWIFT_VERSION = 4.0;
				TARGETED_DEVICE_FAMILY = "1,2";
			};
			name = Release;
		};
/* End XCBuildConfiguration section */

/* Begin XCConfigurationList section */
		D6092AAF1F9B63B500910335 /* Build configuration list for PBXProject "On The Map" */ = {
			isa = XCConfigurationList;
			buildConfigurations = (
				D6092AC41F9B63B500910335 /* Debug */,
				D6092AC51F9B63B500910335 /* Release */,
			);
			defaultConfigurationIsVisible = 0;
			defaultConfigurationName = Release;
		};
		D6092AC61F9B63B500910335 /* Build configuration list for PBXNativeTarget "On The Map" */ = {
			isa = XCConfigurationList;
			buildConfigurations = (
				D6092AC71F9B63B500910335 /* Debug */,
				D6092AC81F9B63B500910335 /* Release */,
			);
			defaultConfigurationIsVisible = 0;
			defaultConfigurationName = Release;
		};
/* End XCConfigurationList section */
	};
	rootObject = D6092AAC1F9B63B500910335 /* Project object */;
}
